
Microsoft Visual Studio Solution File, Format Version 12.00
# Visual Studio Version 17
VisualStudioVersion = 17.5.002.0
MinimumVisualStudioVersion = 10.0.40219.1
Project("{2150E333-8FDC-42A3-9474-1A3956D46DE8}") = "Aulas", "Aulas", "{BB3AB5B7-0155-4663-A53F-6EEA763AECA0}"
EndProject
Project("{2150E333-8FDC-42A3-9474-1A3956D46DE8}") = "aula_2", "aula_2", "{D00B26D1-7B71-43A2-B69D-CED632169577}"
EndProject
Project("{9A19103F-16F7-4668-BE54-9A1E7A4F7556}") = "e_3", "Aulas\aula_2\exerc_3\e_3.csproj", "{CE5C8C71-B544-448D-89A5-93259ADA4B10}"
EndProject
Project("{9A19103F-16F7-4668-BE54-9A1E7A4F7556}") = "exerc_4", "Aulas\aula_2\exerc_4\exerc_4.csproj", "{186D8096-DF01-4E38-9EC9-65E73C5CB644}"
EndProject
Project("{9A19103F-16F7-4668-BE54-9A1E7A4F7556}") = "exerc_5", "Aulas\aula_2\exerc_5\exerc_5.csproj", "{CBB572A7-2394-4790-96B6-634EFE923941}"
EndProject
Project("{9A19103F-16F7-4668-BE54-9A1E7A4F7556}") = "exerc_6", "Aulas\aula_2\exerc_6\exerc_6.csproj", "{17DDAEAD-C5C2-4B54-B09D-BE9D63628F6F}"
EndProject
Project("{9A19103F-16F7-4668-BE54-9A1E7A4F7556}") = "aula_2", "Aulas\aula_2\tutorial\aula_2.csproj", "{C40F9853-CB75-498D-BEA9-6F6F6CF57B29}"
EndProject
Project("{2150E333-8FDC-42A3-9474-1A3956D46DE8}") = "aula_20240402", "aula_20240402", "{168DF272-404D-4BFE-A703-F863277DB554}"
EndProject
Project("{9A19103F-16F7-4668-BE54-9A1E7A4F7556}") = "exerc_2", "Aulas\aula_20240402\exerc_2\exerc_2.csproj", "{7264055A-9900-4470-B967-AD4385981B5E}"
EndProject
Project("{9A19103F-16F7-4668-BE54-9A1E7A4F7556}") = "aula_20240402", "Aulas\aula_20240402\loop_for\aula_20240402.csproj", "{FB7278E2-079A-4EC6-A622-ECF351D48EA8}"
EndProject
Project("{9A19103F-16F7-4668-BE54-9A1E7A4F7556}") = "loop_foreach", "Aulas\aula_20240402\loop_foreach\loop_foreach.csproj", "{954BCAA0-95D0-42D7-B259-156F999F29E3}"
EndProject
Project("{9A19103F-16F7-4668-BE54-9A1E7A4F7556}") = "loop_while", "Aulas\aula_20240402\loop_while\loop_while.csproj", "{8EEBE90B-1352-41CC-AB8E-A1AFB5BDE2AE}"
EndProject
Project("{2150E333-8FDC-42A3-9474-1A3956D46DE8}") = "aula_3", "aula_3", "{FF66016F-E6F7-41E3-8D58-A39D2E94DFDA}"
EndProject
Project("{9A19103F-16F7-4668-BE54-9A1E7A4F7556}") = "formatar_data", "Aulas\aula_3\formatar_data\formatar_data.csproj", "{1991FB01-48BD-4F35-B745-FFC7C9B02E95}"
EndProject
Project("{9A19103F-16F7-4668-BE54-9A1E7A4F7556}") = "formatar_decimal", "Aulas\aula_3\formatar_decimal\formatar_decimal.csproj", "{41AEE8BB-8DB6-416F-9BEA-4437A2561A6B}"
EndProject
Project("{9A19103F-16F7-4668-BE54-9A1E7A4F7556}") = "formatar_monetario", "Aulas\aula_3\formatar_monetario\formatar_monetario.csproj", "{3737273B-DCB0-47D5-B53A-19EF85795318}"
EndProject
Project("{9A19103F-16F7-4668-BE54-9A1E7A4F7556}") = "formatar_tres_casas", "Aulas\aula_3\formatar_tres_casas\formatar_tres_casas.csproj", "{3FF265F4-945E-47D3-8F14-D583635BAE73}"
EndProject
Project("{2150E333-8FDC-42A3-9474-1A3956D46DE8}") = "Canvas", "Canvas", "{490C59BC-0436-4833-94B5-F2A21E218E97}"
EndProject
Project("{2150E333-8FDC-42A3-9474-1A3956D46DE8}") = "!Exercícios", "!Exercícios", "{43A89F88-E0B5-48F0-ACB7-FF5B73ADCA49}"
EndProject
Project("{9A19103F-16F7-4668-BE54-9A1E7A4F7556}") = "Reposição", "Canvas\!Exercícios\questão_1\Reposição.csproj", "{5DD571F2-A88F-45D2-AD20-46190B54CFF6}"
EndProject
Project("{9A19103F-16F7-4668-BE54-9A1E7A4F7556}") = "questão_2", "Canvas\!Exercícios\questão_2\questão_2.csproj", "{16AA2650-76B6-4BC7-8F71-F38105F33FAD}"
EndProject
Project("{9A19103F-16F7-4668-BE54-9A1E7A4F7556}") = "questão_3", "Canvas\!Exercícios\questão_3\questão_3.csproj", "{8A072825-5262-4701-9220-A8DE69F00C6F}"
EndProject
Project("{9A19103F-16F7-4668-BE54-9A1E7A4F7556}") = "questão_4", "Canvas\!Exercícios\questão_4\questão_4.csproj", "{44DB3DF8-77B7-46AC-BCEF-0FF0C2F30B80}"
EndProject
Project("{9A19103F-16F7-4668-BE54-9A1E7A4F7556}") = "questão_5", "Canvas\!Exercícios\questão_5\questão_5.csproj", "{0677C803-B726-4987-956B-DE72CF6C5842}"
EndProject
Project("{2150E333-8FDC-42A3-9474-1A3956D46DE8}") = "formatar_monetario (1)", "formatar_monetario", "{A2B4CBDA-A931-480A-8DCF-04A24FFC87E4}"
EndProject
Project("{9A19103F-16F7-4668-BE54-9A1E7A4F7556}") = "formatar_tres_casas", "Aulas\aula_3\formatar_monetario\formatar_tres_casas\formatar_tres_casas.csproj", "{6C0F9625-E821-442E-A66D-68DAA421B481}"
EndProject
Global
	GlobalSection(SolutionConfigurationPlatforms) = preSolution
		Debug|Any CPU = Debug|Any CPU
		Release|Any CPU = Release|Any CPU
	EndGlobalSection
	GlobalSection(ProjectConfigurationPlatforms) = postSolution
		{CE5C8C71-B544-448D-89A5-93259ADA4B10}.Debug|Any CPU.ActiveCfg = Debug|Any CPU
		{CE5C8C71-B544-448D-89A5-93259ADA4B10}.Debug|Any CPU.Build.0 = Debug|Any CPU
		{CE5C8C71-B544-448D-89A5-93259ADA4B10}.Release|Any CPU.ActiveCfg = Release|Any CPU
		{CE5C8C71-B544-448D-89A5-93259ADA4B10}.Release|Any CPU.Build.0 = Release|Any CPU
		{186D8096-DF01-4E38-9EC9-65E73C5CB644}.Debug|Any CPU.ActiveCfg = Debug|Any CPU
		{186D8096-DF01-4E38-9EC9-65E73C5CB644}.Debug|Any CPU.Build.0 = Debug|Any CPU
		{186D8096-DF01-4E38-9EC9-65E73C5CB644}.Release|Any CPU.ActiveCfg = Release|Any CPU
		{186D8096-DF01-4E38-9EC9-65E73C5CB644}.Release|Any CPU.Build.0 = Release|Any CPU
		{CBB572A7-2394-4790-96B6-634EFE923941}.Debug|Any CPU.ActiveCfg = Debug|Any CPU
		{CBB572A7-2394-4790-96B6-634EFE923941}.Debug|Any CPU.Build.0 = Debug|Any CPU
		{CBB572A7-2394-4790-96B6-634EFE923941}.Release|Any CPU.ActiveCfg = Release|Any CPU
		{CBB572A7-2394-4790-96B6-634EFE923941}.Release|Any CPU.Build.0 = Release|Any CPU
		{17DDAEAD-C5C2-4B54-B09D-BE9D63628F6F}.Debug|Any CPU.ActiveCfg = Debug|Any CPU
		{17DDAEAD-C5C2-4B54-B09D-BE9D63628F6F}.Debug|Any CPU.Build.0 = Debug|Any CPU
		{17DDAEAD-C5C2-4B54-B09D-BE9D63628F6F}.Release|Any CPU.ActiveCfg = Release|Any CPU
		{17DDAEAD-C5C2-4B54-B09D-BE9D63628F6F}.Release|Any CPU.Build.0 = Release|Any CPU
		{C40F9853-CB75-498D-BEA9-6F6F6CF57B29}.Debug|Any CPU.ActiveCfg = Debug|Any CPU
		{C40F9853-CB75-498D-BEA9-6F6F6CF57B29}.Debug|Any CPU.Build.0 = Debug|Any CPU
		{C40F9853-CB75-498D-BEA9-6F6F6CF57B29}.Release|Any CPU.ActiveCfg = Release|Any CPU
		{C40F9853-CB75-498D-BEA9-6F6F6CF57B29}.Release|Any CPU.Build.0 = Release|Any CPU
		{7264055A-9900-4470-B967-AD4385981B5E}.Debug|Any CPU.ActiveCfg = Debug|Any CPU
		{7264055A-9900-4470-B967-AD4385981B5E}.Debug|Any CPU.Build.0 = Debug|Any CPU
		{7264055A-9900-4470-B967-AD4385981B5E}.Release|Any CPU.ActiveCfg = Release|Any CPU
		{7264055A-9900-4470-B967-AD4385981B5E}.Release|Any CPU.Build.0 = Release|Any CPU
		{FB7278E2-079A-4EC6-A622-ECF351D48EA8}.Debug|Any CPU.ActiveCfg = Debug|Any CPU
		{FB7278E2-079A-4EC6-A622-ECF351D48EA8}.Debug|Any CPU.Build.0 = Debug|Any CPU
		{FB7278E2-079A-4EC6-A622-ECF351D48EA8}.Release|Any CPU.ActiveCfg = Release|Any CPU
		{FB7278E2-079A-4EC6-A622-ECF351D48EA8}.Release|Any CPU.Build.0 = Release|Any CPU
		{954BCAA0-95D0-42D7-B259-156F999F29E3}.Debug|Any CPU.ActiveCfg = Debug|Any CPU
		{954BCAA0-95D0-42D7-B259-156F999F29E3}.Debug|Any CPU.Build.0 = Debug|Any CPU
		{954BCAA0-95D0-42D7-B259-156F999F29E3}.Release|Any CPU.ActiveCfg = Release|Any CPU
		{954BCAA0-95D0-42D7-B259-156F999F29E3}.Release|Any CPU.Build.0 = Release|Any CPU
		{8EEBE90B-1352-41CC-AB8E-A1AFB5BDE2AE}.Debug|Any CPU.ActiveCfg = Debug|Any CPU
		{8EEBE90B-1352-41CC-AB8E-A1AFB5BDE2AE}.Debug|Any CPU.Build.0 = Debug|Any CPU
		{8EEBE90B-1352-41CC-AB8E-A1AFB5BDE2AE}.Release|Any CPU.ActiveCfg = Release|Any CPU
		{8EEBE90B-1352-41CC-AB8E-A1AFB5BDE2AE}.Release|Any CPU.Build.0 = Release|Any CPU
		{1991FB01-48BD-4F35-B745-FFC7C9B02E95}.Debug|Any CPU.ActiveCfg = Debug|Any CPU
		{1991FB01-48BD-4F35-B745-FFC7C9B02E95}.Debug|Any CPU.Build.0 = Debug|Any CPU
		{1991FB01-48BD-4F35-B745-FFC7C9B02E95}.Release|Any CPU.ActiveCfg = Release|Any CPU
		{1991FB01-48BD-4F35-B745-FFC7C9B02E95}.Release|Any CPU.Build.0 = Release|Any CPU
		{41AEE8BB-8DB6-416F-9BEA-4437A2561A6B}.Debug|Any CPU.ActiveCfg = Debug|Any CPU
		{41AEE8BB-8DB6-416F-9BEA-4437A2561A6B}.Debug|Any CPU.Build.0 = Debug|Any CPU
		{41AEE8BB-8DB6-416F-9BEA-4437A2561A6B}.Release|Any CPU.ActiveCfg = Release|Any CPU
		{41AEE8BB-8DB6-416F-9BEA-4437A2561A6B}.Release|Any CPU.Build.0 = Release|Any CPU
		{3737273B-DCB0-47D5-B53A-19EF85795318}.Debug|Any CPU.ActiveCfg = Debug|Any CPU
		{3737273B-DCB0-47D5-B53A-19EF85795318}.Debug|Any CPU.Build.0 = Debug|Any CPU
		{3737273B-DCB0-47D5-B53A-19EF85795318}.Release|Any CPU.ActiveCfg = Release|Any CPU
		{3737273B-DCB0-47D5-B53A-19EF85795318}.Release|Any CPU.Build.0 = Release|Any CPU
		{3FF265F4-945E-47D3-8F14-D583635BAE73}.Debug|Any CPU.ActiveCfg = Debug|Any CPU
		{3FF265F4-945E-47D3-8F14-D583635BAE73}.Debug|Any CPU.Build.0 = Debug|Any CPU
		{3FF265F4-945E-47D3-8F14-D583635BAE73}.Release|Any CPU.ActiveCfg = Release|Any CPU
		{3FF265F4-945E-47D3-8F14-D583635BAE73}.Release|Any CPU.Build.0 = Release|Any CPU
		{5DD571F2-A88F-45D2-AD20-46190B54CFF6}.Debug|Any CPU.ActiveCfg = Debug|Any CPU
		{5DD571F2-A88F-45D2-AD20-46190B54CFF6}.Debug|Any CPU.Build.0 = Debug|Any CPU
		{5DD571F2-A88F-45D2-AD20-46190B54CFF6}.Release|Any CPU.ActiveCfg = Release|Any CPU
		{5DD571F2-A88F-45D2-AD20-46190B54CFF6}.Release|Any CPU.Build.0 = Release|Any CPU
		{16AA2650-76B6-4BC7-8F71-F38105F33FAD}.Debug|Any CPU.ActiveCfg = Debug|Any CPU
		{16AA2650-76B6-4BC7-8F71-F38105F33FAD}.Debug|Any CPU.Build.0 = Debug|Any CPU
		{16AA2650-76B6-4BC7-8F71-F38105F33FAD}.Release|Any CPU.ActiveCfg = Release|Any CPU
		{16AA2650-76B6-4BC7-8F71-F38105F33FAD}.Release|Any CPU.Build.0 = Release|Any CPU
		{8A072825-5262-4701-9220-A8DE69F00C6F}.Debug|Any CPU.ActiveCfg = Debug|Any CPU
		{8A072825-5262-4701-9220-A8DE69F00C6F}.Debug|Any CPU.Build.0 = Debug|Any CPU
		{8A072825-5262-4701-9220-A8DE69F00C6F}.Release|Any CPU.ActiveCfg = Release|Any CPU
		{8A072825-5262-4701-9220-A8DE69F00C6F}.Release|Any CPU.Build.0 = Release|Any CPU
		{44DB3DF8-77B7-46AC-BCEF-0FF0C2F30B80}.Debug|Any CPU.ActiveCfg = Debug|Any CPU
		{44DB3DF8-77B7-46AC-BCEF-0FF0C2F30B80}.Debug|Any CPU.Build.0 = Debug|Any CPU
		{44DB3DF8-77B7-46AC-BCEF-0FF0C2F30B80}.Release|Any CPU.ActiveCfg = Release|Any CPU
		{44DB3DF8-77B7-46AC-BCEF-0FF0C2F30B80}.Release|Any CPU.Build.0 = Release|Any CPU
		{0677C803-B726-4987-956B-DE72CF6C5842}.Debug|Any CPU.ActiveCfg = Debug|Any CPU
		{0677C803-B726-4987-956B-DE72CF6C5842}.Debug|Any CPU.Build.0 = Debug|Any CPU
		{0677C803-B726-4987-956B-DE72CF6C5842}.Release|Any CPU.ActiveCfg = Release|Any CPU
		{0677C803-B726-4987-956B-DE72CF6C5842}.Release|Any CPU.Build.0 = Release|Any CPU
		{6C0F9625-E821-442E-A66D-68DAA421B481}.Debug|Any CPU.ActiveCfg = Debug|Any CPU
		{6C0F9625-E821-442E-A66D-68DAA421B481}.Debug|Any CPU.Build.0 = Debug|Any CPU
		{6C0F9625-E821-442E-A66D-68DAA421B481}.Release|Any CPU.ActiveCfg = Release|Any CPU
		{6C0F9625-E821-442E-A66D-68DAA421B481}.Release|Any CPU.Build.0 = Release|Any CPU
	EndGlobalSection
	GlobalSection(SolutionProperties) = preSolution
		HideSolutionNode = FALSE
	EndGlobalSection
	GlobalSection(NestedProjects) = preSolution
		{D00B26D1-7B71-43A2-B69D-CED632169577} = {BB3AB5B7-0155-4663-A53F-6EEA763AECA0}
		{CE5C8C71-B544-448D-89A5-93259ADA4B10} = {D00B26D1-7B71-43A2-B69D-CED632169577}
		{186D8096-DF01-4E38-9EC9-65E73C5CB644} = {D00B26D1-7B71-43A2-B69D-CED632169577}
		{CBB572A7-2394-4790-96B6-634EFE923941} = {D00B26D1-7B71-43A2-B69D-CED632169577}
		{17DDAEAD-C5C2-4B54-B09D-BE9D63628F6F} = {D00B26D1-7B71-43A2-B69D-CED632169577}
		{C40F9853-CB75-498D-BEA9-6F6F6CF57B29} = {D00B26D1-7B71-43A2-B69D-CED632169577}
		{168DF272-404D-4BFE-A703-F863277DB554} = {BB3AB5B7-0155-4663-A53F-6EEA763AECA0}
		{7264055A-9900-4470-B967-AD4385981B5E} = {168DF272-404D-4BFE-A703-F863277DB554}
		{FB7278E2-079A-4EC6-A622-ECF351D48EA8} = {168DF272-404D-4BFE-A703-F863277DB554}
		{954BCAA0-95D0-42D7-B259-156F999F29E3} = {168DF272-404D-4BFE-A703-F863277DB554}
		{8EEBE90B-1352-41CC-AB8E-A1AFB5BDE2AE} = {168DF272-404D-4BFE-A703-F863277DB554}
		{FF66016F-E6F7-41E3-8D58-A39D2E94DFDA} = {BB3AB5B7-0155-4663-A53F-6EEA763AECA0}
		{1991FB01-48BD-4F35-B745-FFC7C9B02E95} = {FF66016F-E6F7-41E3-8D58-A39D2E94DFDA}
		{41AEE8BB-8DB6-416F-9BEA-4437A2561A6B} = {FF66016F-E6F7-41E3-8D58-A39D2E94DFDA}
		{3737273B-DCB0-47D5-B53A-19EF85795318} = {FF66016F-E6F7-41E3-8D58-A39D2E94DFDA}
		{3FF265F4-945E-47D3-8F14-D583635BAE73} = {FF66016F-E6F7-41E3-8D58-A39D2E94DFDA}
		{43A89F88-E0B5-48F0-ACB7-FF5B73ADCA49} = {490C59BC-0436-4833-94B5-F2A21E218E97}
		{5DD571F2-A88F-45D2-AD20-46190B54CFF6} = {43A89F88-E0B5-48F0-ACB7-FF5B73ADCA49}
		{16AA2650-76B6-4BC7-8F71-F38105F33FAD} = {43A89F88-E0B5-48F0-ACB7-FF5B73ADCA49}
		{8A072825-5262-4701-9220-A8DE69F00C6F} = {43A89F88-E0B5-48F0-ACB7-FF5B73ADCA49}
		{44DB3DF8-77B7-46AC-BCEF-0FF0C2F30B80} = {43A89F88-E0B5-48F0-ACB7-FF5B73ADCA49}
		{0677C803-B726-4987-956B-DE72CF6C5842} = {43A89F88-E0B5-48F0-ACB7-FF5B73ADCA49}
		{A2B4CBDA-A931-480A-8DCF-04A24FFC87E4} = {FF66016F-E6F7-41E3-8D58-A39D2E94DFDA}
		{6C0F9625-E821-442E-A66D-68DAA421B481} = {A2B4CBDA-A931-480A-8DCF-04A24FFC87E4}
	EndGlobalSection
	GlobalSection(ExtensibilityGlobals) = postSolution
		SolutionGuid = {42B9FFEA-D2FA-4628-BE0E-23AE18901BC7}
	EndGlobalSection
EndGlobal
